{
  "version": 4,
  "terraform_version": "0.13.3",
  "serial": 10,
  "lineage": "246aba0a-0e83-f5d3-f7e1-f5f9b26ed7ad",
  "outputs": {},
  "resources": [
    {
      "mode": "managed",
      "type": "openstack_compute_floatingip_associate_v2",
      "name": "cgap_prod_hcaprint_floating_ip_assoc",
      "provider": "provider[\"registry.terraform.io/terraform-provider-openstack/openstack\"]",
      "instances": [
        {
          "schema_version": 0,
          "attributes": {
            "fixed_ip": "",
            "floating_ip": "172.27.17.203",
            "id": "172.27.17.203/9d75eeb8-4f44-49cb-860d-9da4c18b8a8f/",
            "instance_id": "9d75eeb8-4f44-49cb-860d-9da4c18b8a8f",
            "region": "",
            "timeouts": null,
            "wait_until_associated": null
          },
          "private": "eyJlMmJmYjczMC1lY2FhLTExZTYtOGY4OC0zNDM2M2JjN2M0YzAiOnsiY3JlYXRlIjo2MDAwMDAwMDAwMDB9fQ==",
          "dependencies": [
            "openstack_compute_instance_v2.cgap_prod_hcaprint_instance",
            "openstack_networking_network_v2.cgap_prod_hcaprint_network",
            "openstack_networking_secgroup_v2.cgap_prod_hcaprint_security_group"
          ]
        }
      ]
    },
    {
      "mode": "managed",
      "type": "openstack_compute_instance_v2",
      "name": "cgap_prod_hcaprint_instance",
      "provider": "provider[\"registry.terraform.io/terraform-provider-openstack/openstack\"]",
      "instances": [
        {
          "schema_version": 0,
          "attributes": {
            "access_ip_v4": "192.168.0.118",
            "access_ip_v6": "",
            "admin_pass": null,
            "all_metadata": {},
            "all_tags": [],
            "availability_zone": "nova",
            "availability_zone_hints": null,
            "block_device": [],
            "config_drive": null,
            "flavor_id": "2000",
            "flavor_name": "m1.tiny",
            "floating_ip": null,
            "force_delete": false,
            "id": "9d75eeb8-4f44-49cb-860d-9da4c18b8a8f",
            "image_id": "19c3fc18-a9b2-497b-a6a9-875ca2d71340",
            "image_name": "sprint-bionic-base",
            "key_pair": "cgapprodkeypair",
            "metadata": null,
            "name": "cgap_prod_hcaprint_instance",
            "network": [
              {
                "access_network": false,
                "fixed_ip_v4": "192.168.0.118",
                "fixed_ip_v6": "",
                "floating_ip": "",
                "mac": "fa:16:3e:b0:36:4b",
                "name": "cgap_prod_hcaprint_network",
                "port": "",
                "uuid": "a93e5662-24d7-4b5a-92de-fa00d4306fc1"
              }
            ],
            "network_mode": null,
            "personality": [],
            "power_state": "active",
            "region": "",
            "scheduler_hints": [],
            "security_groups": [
              "cgap_prod_hcaprint_security_group",
              "default"
            ],
            "stop_before_destroy": false,
            "tags": null,
            "timeouts": null,
            "user_data": null,
            "vendor_options": [],
            "volume": []
          },
          "private": "eyJlMmJmYjczMC1lY2FhLTExZTYtOGY4OC0zNDM2M2JjN2M0YzAiOnsiY3JlYXRlIjoxODAwMDAwMDAwMDAwLCJkZWxldGUiOjE4MDAwMDAwMDAwMDAsInVwZGF0ZSI6MTgwMDAwMDAwMDAwMH19",
          "dependencies": [
            "openstack_networking_network_v2.cgap_prod_hcaprint_network",
            "openstack_networking_secgroup_v2.cgap_prod_hcaprint_security_group"
          ]
        }
      ]
    },
    {
      "mode": "managed",
      "type": "openstack_networking_network_v2",
      "name": "cgap_prod_hcaprint_network",
      "provider": "provider[\"registry.terraform.io/terraform-provider-openstack/openstack\"]",
      "instances": [
        {
          "schema_version": 0,
          "attributes": {
            "admin_state_up": true,
            "all_tags": [],
            "availability_zone_hints": [],
            "description": "",
            "dns_domain": "",
            "external": false,
            "id": "a93e5662-24d7-4b5a-92de-fa00d4306fc1",
            "mtu": 8950,
            "name": "cgap_prod_hcaprint_network",
            "port_security_enabled": true,
            "qos_policy_id": "",
            "region": "",
            "segments": [],
            "shared": false,
            "tags": null,
            "tenant_id": "c0d889f5d9484f7db72cfc641ca48e4a",
            "timeouts": null,
            "transparent_vlan": false,
            "value_specs": null
          },
          "private": "eyJlMmJmYjczMC1lY2FhLTExZTYtOGY4OC0zNDM2M2JjN2M0YzAiOnsiY3JlYXRlIjo2MDAwMDAwMDAwMDAsImRlbGV0ZSI6NjAwMDAwMDAwMDAwfX0="
        }
      ]
    },
    {
      "mode": "managed",
      "type": "openstack_networking_router_interface_v2",
      "name": "cgap_prod_hcaprint_router_interface",
      "provider": "provider[\"registry.terraform.io/terraform-provider-openstack/openstack\"]",
      "instances": [
        {
          "schema_version": 0,
          "attributes": {
            "id": "9d521755-5a84-40ac-8761-653ac22b1493",
            "port_id": "9d521755-5a84-40ac-8761-653ac22b1493",
            "region": "",
            "router_id": "e3a8c71f-3b73-41e4-a51d-769ec8528f02",
            "subnet_id": "170ec96f-b0d6-4a86-989e-d679fc76e8ce",
            "timeouts": null
          },
          "private": "eyJlMmJmYjczMC1lY2FhLTExZTYtOGY4OC0zNDM2M2JjN2M0YzAiOnsiY3JlYXRlIjo2MDAwMDAwMDAwMDAsImRlbGV0ZSI6NjAwMDAwMDAwMDAwfX0=",
          "dependencies": [
            "openstack_networking_network_v2.cgap_prod_hcaprint_network",
            "openstack_networking_router_v2.cgap_prod_hcaprint_router",
            "openstack_networking_subnet_v2.cgap_prod_hcaprint_subnet"
          ]
        }
      ]
    },
    {
      "mode": "managed",
      "type": "openstack_networking_router_v2",
      "name": "cgap_prod_hcaprint_router",
      "provider": "provider[\"registry.terraform.io/terraform-provider-openstack/openstack\"]",
      "instances": [
        {
          "schema_version": 0,
          "attributes": {
            "admin_state_up": true,
            "all_tags": [],
            "availability_zone_hints": [],
            "description": "",
            "distributed": false,
            "enable_snat": true,
            "external_fixed_ip": [
              {
                "ip_address": "172.27.16.250",
                "subnet_id": "a9315b9c-85fc-4f7c-8608-b114a0bc1f1f"
              }
            ],
            "external_gateway": "79b16847-fb29-4870-9f18-0b06d6c2af70",
            "external_network_id": "79b16847-fb29-4870-9f18-0b06d6c2af70",
            "id": "e3a8c71f-3b73-41e4-a51d-769ec8528f02",
            "name": "cgap_prod_hcaprint_router",
            "region": "",
            "tags": null,
            "tenant_id": "c0d889f5d9484f7db72cfc641ca48e4a",
            "timeouts": null,
            "value_specs": null,
            "vendor_options": []
          },
          "private": "eyJlMmJmYjczMC1lY2FhLTExZTYtOGY4OC0zNDM2M2JjN2M0YzAiOnsiY3JlYXRlIjo2MDAwMDAwMDAwMDAsImRlbGV0ZSI6NjAwMDAwMDAwMDAwfX0="
        }
      ]
    },
    {
      "mode": "managed",
      "type": "openstack_networking_secgroup_rule_v2",
      "name": "cgap_prod_hcaprint_security_group_rule_ssh",
      "provider": "provider[\"registry.terraform.io/terraform-provider-openstack/openstack\"]",
      "instances": [
        {
          "schema_version": 0,
          "attributes": {
            "description": "",
            "direction": "ingress",
            "ethertype": "IPv4",
            "id": "842b39cd-df39-4cc7-8317-54681dfe0e52",
            "port_range_max": 22,
            "port_range_min": 22,
            "protocol": "tcp",
            "region": "",
            "remote_group_id": "",
            "remote_ip_prefix": "0.0.0.0/0",
            "security_group_id": "c50955ea-89a4-40b4-8ffe-7108b7fd559f",
            "tenant_id": "c0d889f5d9484f7db72cfc641ca48e4a",
            "timeouts": null
          },
          "private": "eyJlMmJmYjczMC1lY2FhLTExZTYtOGY4OC0zNDM2M2JjN2M0YzAiOnsiZGVsZXRlIjo2MDAwMDAwMDAwMDB9fQ==",
          "dependencies": [
            "openstack_networking_secgroup_v2.cgap_prod_hcaprint_security_group"
          ]
        }
      ]
    },
    {
      "mode": "managed",
      "type": "openstack_networking_secgroup_rule_v2",
      "name": "cgap_prod_hcaprint_security_group_rule_tomcat",
      "provider": "provider[\"registry.terraform.io/terraform-provider-openstack/openstack\"]",
      "instances": [
        {
          "schema_version": 0,
          "attributes": {
            "description": "",
            "direction": "ingress",
            "ethertype": "IPv4",
            "id": "2a13b634-87dd-481e-8b5d-18da85671e60",
            "port_range_max": 8080,
            "port_range_min": 8080,
            "protocol": "tcp",
            "region": "",
            "remote_group_id": "",
            "remote_ip_prefix": "0.0.0.0/0",
            "security_group_id": "c50955ea-89a4-40b4-8ffe-7108b7fd559f",
            "tenant_id": "c0d889f5d9484f7db72cfc641ca48e4a",
            "timeouts": null
          },
          "private": "eyJlMmJmYjczMC1lY2FhLTExZTYtOGY4OC0zNDM2M2JjN2M0YzAiOnsiZGVsZXRlIjo2MDAwMDAwMDAwMDB9fQ==",
          "dependencies": [
            "openstack_networking_secgroup_v2.cgap_prod_hcaprint_security_group"
          ]
        }
      ]
    },
    {
      "mode": "managed",
      "type": "openstack_networking_secgroup_v2",
      "name": "cgap_prod_hcaprint_security_group",
      "provider": "provider[\"registry.terraform.io/terraform-provider-openstack/openstack\"]",
      "instances": [
        {
          "schema_version": 0,
          "attributes": {
            "all_tags": [],
            "delete_default_rules": null,
            "description": "",
            "id": "c50955ea-89a4-40b4-8ffe-7108b7fd559f",
            "name": "cgap_prod_hcaprint_security_group",
            "region": "",
            "tags": null,
            "tenant_id": "c0d889f5d9484f7db72cfc641ca48e4a",
            "timeouts": null
          },
          "private": "eyJlMmJmYjczMC1lY2FhLTExZTYtOGY4OC0zNDM2M2JjN2M0YzAiOnsiZGVsZXRlIjo2MDAwMDAwMDAwMDB9fQ=="
        }
      ]
    },
    {
      "mode": "managed",
      "type": "openstack_networking_subnet_v2",
      "name": "cgap_prod_hcaprint_subnet",
      "provider": "provider[\"registry.terraform.io/terraform-provider-openstack/openstack\"]",
      "instances": [
        {
          "schema_version": 0,
          "attributes": {
            "all_tags": [],
            "allocation_pool": [
              {
                "end": "192.168.0.254",
                "start": "192.168.0.2"
              }
            ],
            "allocation_pools": [
              {
                "end": "192.168.0.254",
                "start": "192.168.0.2"
              }
            ],
            "cidr": "192.168.0.0/24",
            "description": "",
            "dns_nameservers": [
              "172.18.255.1",
              "172.18.255.2",
              "172.18.255.3"
            ],
            "enable_dhcp": true,
            "gateway_ip": "192.168.0.1",
            "host_routes": [],
            "id": "170ec96f-b0d6-4a86-989e-d679fc76e8ce",
            "ip_version": 4,
            "ipv6_address_mode": "",
            "ipv6_ra_mode": "",
            "name": "cgap_prod_hcaprint_subnet",
            "network_id": "a93e5662-24d7-4b5a-92de-fa00d4306fc1",
            "no_gateway": false,
            "prefix_length": null,
            "region": "",
            "subnetpool_id": "",
            "tags": null,
            "tenant_id": "c0d889f5d9484f7db72cfc641ca48e4a",
            "timeouts": null,
            "value_specs": null
          },
          "private": "eyJlMmJmYjczMC1lY2FhLTExZTYtOGY4OC0zNDM2M2JjN2M0YzAiOnsiY3JlYXRlIjo2MDAwMDAwMDAwMDAsImRlbGV0ZSI6NjAwMDAwMDAwMDAwfX0=",
          "dependencies": [
            "openstack_networking_network_v2.cgap_prod_hcaprint_network"
          ]
        }
      ]
    }
  ]
}
